// !$*UTF8*$!
{
	archiveVersion = 1;
	classes = {
	};
	objectVersion = 56;
	objects = {

/* Begin PBXBuildFile section */
		3A180E55294CC40B001FFADC /* AppDelegate.swift in Sources */ = {isa = PBXBuildFile; fileRef = 3A180E54294CC40B001FFADC /* AppDelegate.swift */; };
		3A180E57294CC40B001FFADC /* SceneDelegate.swift in Sources */ = {isa = PBXBuildFile; fileRef = 3A180E56294CC40B001FFADC /* SceneDelegate.swift */; };
		3A180E59294CC40B001FFADC /* ViewController.swift in Sources */ = {isa = PBXBuildFile; fileRef = 3A180E58294CC40B001FFADC /* ViewController.swift */; };
		3A180E5C294CC40B001FFADC /* Main.storyboard in Resources */ = {isa = PBXBuildFile; fileRef = 3A180E5A294CC40B001FFADC /* Main.storyboard */; };
		3A180E5F294CC40B001FFADC /* PodcastsApp.xcdatamodeld in Sources */ = {isa = PBXBuildFile; fileRef = 3A180E5D294CC40B001FFADC /* PodcastsApp.xcdatamodeld */; };
		3A180E61294CC40C001FFADC /* Assets.xcassets in Resources */ = {isa = PBXBuildFile; fileRef = 3A180E60294CC40C001FFADC /* Assets.xcassets */; };
		3A180E64294CC40C001FFADC /* LaunchScreen.storyboard in Resources */ = {isa = PBXBuildFile; fileRef = 3A180E62294CC40C001FFADC /* LaunchScreen.storyboard */; };
		3A180E6E294CC438001FFADC /* Auth.storyboard in Resources */ = {isa = PBXBuildFile; fileRef = 3A180E6C294CC438001FFADC /* Auth.storyboard */; };
		3A180E6F294CC438001FFADC /* LoginViewController.swift in Sources */ = {isa = PBXBuildFile; fileRef = 3A180E6D294CC438001FFADC /* LoginViewController.swift */; };
		3AB09FAD2951EEE000161F9B /* UIColorExtensions.swift in Sources */ = {isa = PBXBuildFile; fileRef = 3AB09FAC2951EEE000161F9B /* UIColorExtensions.swift */; };
		3AB09FAF2951F40B00161F9B /* RegisterViewController.swift in Sources */ = {isa = PBXBuildFile; fileRef = 3AB09FAE2951F40B00161F9B /* RegisterViewController.swift */; };
		3AB09FB1295202BD00161F9B /* UIViewControllerExtensions.swift in Sources */ = {isa = PBXBuildFile; fileRef = 3AB09FB0295202BD00161F9B /* UIViewControllerExtensions.swift */; };
/* End PBXBuildFile section */

/* Begin PBXFileReference section */
		3A180E51294CC40B001FFADC /* gezzo.app */ = {isa = PBXFileReference; explicitFileType = wrapper.application; includeInIndex = 0; path = gezzo.app; sourceTree = BUILT_PRODUCTS_DIR; };
		3A180E54294CC40B001FFADC /* AppDelegate.swift */ = {isa = PBXFileReference; lastKnownFileType = sourcecode.swift; path = AppDelegate.swift; sourceTree = "<group>"; };
		3A180E56294CC40B001FFADC /* SceneDelegate.swift */ = {isa = PBXFileReference; lastKnownFileType = sourcecode.swift; path = SceneDelegate.swift; sourceTree = "<group>"; };
		3A180E58294CC40B001FFADC /* ViewController.swift */ = {isa = PBXFileReference; lastKnownFileType = sourcecode.swift; path = ViewController.swift; sourceTree = "<group>"; };
		3A180E5B294CC40B001FFADC /* Base */ = {isa = PBXFileReference; lastKnownFileType = file.storyboard; name = Base; path = Base.lproj/Main.storyboard; sourceTree = "<group>"; };
		3A180E5E294CC40B001FFADC /* PodcastsApp.xcdatamodel */ = {isa = PBXFileReference; lastKnownFileType = wrapper.xcdatamodel; path = PodcastsApp.xcdatamodel; sourceTree = "<group>"; };
		3A180E60294CC40C001FFADC /* Assets.xcassets */ = {isa = PBXFileReference; lastKnownFileType = folder.assetcatalog; path = Assets.xcassets; sourceTree = "<group>"; };
		3A180E63294CC40C001FFADC /* Base */ = {isa = PBXFileReference; lastKnownFileType = file.storyboard; name = Base; path = Base.lproj/LaunchScreen.storyboard; sourceTree = "<group>"; };
		3A180E65294CC40C001FFADC /* Info.plist */ = {isa = PBXFileReference; lastKnownFileType = text.plist.xml; path = Info.plist; sourceTree = "<group>"; };
		3A180E6C294CC438001FFADC /* Auth.storyboard */ = {isa = PBXFileReference; fileEncoding = 4; lastKnownFileType = file.storyboard; path = Auth.storyboard; sourceTree = "<group>"; };
		3A180E6D294CC438001FFADC /* LoginViewController.swift */ = {isa = PBXFileReference; fileEncoding = 4; lastKnownFileType = sourcecode.swift; path = LoginViewController.swift; sourceTree = "<group>"; };
		3AB09FAC2951EEE000161F9B /* UIColorExtensions.swift */ = {isa = PBXFileReference; lastKnownFileType = sourcecode.swift; path = UIColorExtensions.swift; sourceTree = "<group>"; };
		3AB09FAE2951F40B00161F9B /* RegisterViewController.swift */ = {isa = PBXFileReference; lastKnownFileType = sourcecode.swift; path = RegisterViewController.swift; sourceTree = "<group>"; };
		3AB09FB0295202BD00161F9B /* UIViewControllerExtensions.swift */ = {isa = PBXFileReference; lastKnownFileType = sourcecode.swift; path = UIViewControllerExtensions.swift; sourceTree = "<group>"; };
/* End PBXFileReference section */

/* Begin PBXFrameworksBuildPhase section */
		3A180E4E294CC40B001FFADC /* Frameworks */ = {
			isa = PBXFrameworksBuildPhase;
			buildActionMask = 2147483647;
			files = (
			);
			runOnlyForDeploymentPostprocessing = 0;
		};
/* End PBXFrameworksBuildPhase section */

/* Begin PBXGroup section */
		3A180E48294CC40B001FFADC = {
			isa = PBXGroup;
			children = (
				3A180E53294CC40B001FFADC /* gezzo */,
				3A180E52294CC40B001FFADC /* Products */,
			);
			sourceTree = "<group>";
		};
		3A180E52294CC40B001FFADC /* Products */ = {
			isa = PBXGroup;
			children = (
				3A180E51294CC40B001FFADC /* gezzo.app */,
			);
			name = Products;
			sourceTree = "<group>";
		};
		3A180E53294CC40B001FFADC /* gezzo */ = {
			isa = PBXGroup;
			children = (
				3AB09FAB2951EEB600161F9B /* Extensions */,
				3A180E70294CC43B001FFADC /* Modules */,
				3A180E54294CC40B001FFADC /* AppDelegate.swift */,
				3A180E56294CC40B001FFADC /* SceneDelegate.swift */,
				3A180E60294CC40C001FFADC /* Assets.xcassets */,
				3A180E62294CC40C001FFADC /* LaunchScreen.storyboard */,
				3A180E65294CC40C001FFADC /* Info.plist */,
				3A180E5D294CC40B001FFADC /* PodcastsApp.xcdatamodeld */,
			);
			path = gezzo;
			sourceTree = "<group>";
		};
		3A180E6B294CC438001FFADC /* Auth */ = {
			isa = PBXGroup;
			children = (
				3A180E6C294CC438001FFADC /* Auth.storyboard */,
				3A180E6D294CC438001FFADC /* LoginViewController.swift */,
				3AB09FAE2951F40B00161F9B /* RegisterViewController.swift */,
			);
			path = Auth;
			sourceTree = "<group>";
		};
		3A180E70294CC43B001FFADC /* Modules */ = {
			isa = PBXGroup;
			children = (
				3A180E71294CC443001FFADC /* Main */,
				3A180E6B294CC438001FFADC /* Auth */,
			);
			path = Modules;
			sourceTree = "<group>";
		};
		3A180E71294CC443001FFADC /* Main */ = {
			isa = PBXGroup;
			children = (
				3A180E5A294CC40B001FFADC /* Main.storyboard */,
				3A180E58294CC40B001FFADC /* ViewController.swift */,
			);
			path = Main;
			sourceTree = "<group>";
		};
		3AB09FAB2951EEB600161F9B /* Extensions */ = {
			isa = PBXGroup;
			children = (
				3AB09FAC2951EEE000161F9B /* UIColorExtensions.swift */,
				3AB09FB0295202BD00161F9B /* UIViewControllerExtensions.swift */,
			);
			path = Extensions;
			sourceTree = "<group>";
		};
/* End PBXGroup section */

/* Begin PBXNativeTarget section */
		3A180E50294CC40B001FFADC /* gezzo */ = {
			isa = PBXNativeTarget;
			buildConfigurationList = 3A180E68294CC40C001FFADC /* Build configuration list for PBXNativeTarget "gezzo" */;
			buildPhases = (
				3A180E4D294CC40B001FFADC /* Sources */,
				3A180E4E294CC40B001FFADC /* Frameworks */,
				3A180E4F294CC40B001FFADC /* Resources */,
			);
			buildRules = (
			);
			dependencies = (
			);
			name = gezzo;
			productName = PodcastsApp;
			productReference = 3A180E51294CC40B001FFADC /* gezzo.app */;
			productType = "com.apple.product-type.application";
		};
/* End PBXNativeTarget section */

/* Begin PBXProject section */
		3A180E49294CC40B001FFADC /* Project object */ = {
			isa = PBXProject;
			attributes = {
				BuildIndependentTargetsInParallel = 1;
				LastSwiftUpdateCheck = 1420;
				LastUpgradeCheck = 1420;
				TargetAttributes = {
					3A180E50294CC40B001FFADC = {
						CreatedOnToolsVersion = 14.2;
					};
				};
			};
			buildConfigurationList = 3A180E4C294CC40B001FFADC /* Build configuration list for PBXProject "gezzo" */;
			compatibilityVersion = "Xcode 14.0";
			developmentRegion = en;
			hasScannedForEncodings = 0;
			knownRegions = (
				en,
				Base,
			);
			mainGroup = 3A180E48294CC40B001FFADC;
			productRefGroup = 3A180E52294CC40B001FFADC /* Products */;
			projectDirPath = "";
			projectRoot = "";
			targets = (
				3A180E50294CC40B001FFADC /* gezzo */,
			);
		};
/* End PBXProject section */

/* Begin PBXResourcesBuildPhase section */
		3A180E4F294CC40B001FFADC /* Resources */ = {
			isa = PBXResourcesBuildPhase;
			buildActionMask = 2147483647;
			files = (
				3A180E6E294CC438001FFADC /* Auth.storyboard in Resources */,
				3A180E64294CC40C001FFADC /* LaunchScreen.storyboard in Resources */,
				3A180E61294CC40C001FFADC /* Assets.xcassets in Resources */,
				3A180E5C294CC40B001FFADC /* Main.storyboard in Resources */,
			);
			runOnlyForDeploymentPostprocessing = 0;
		};
/* End PBXResourcesBuildPhase section */

/* Begin PBXSourcesBuildPhase section */
		3A180E4D294CC40B001FFADC /* Sources */ = {
			isa = PBXSourcesBuildPhase;
			buildActionMask = 2147483647;
			files = (
				3AB09FB1295202BD00161F9B /* UIViewControllerExtensions.swift in Sources */,
				3A180E59294CC40B001FFADC /* ViewController.swift in Sources */,
				3A180E55294CC40B001FFADC /* AppDelegate.swift in Sources */,
				3AB09FAF2951F40B00161F9B /* RegisterViewController.swift in Sources */,
				3A180E5F294CC40B001FFADC /* PodcastsApp.xcdatamodeld in Sources */,
				3AB09FAD2951EEE000161F9B /* UIColorExtensions.swift in Sources */,
				3A180E6F294CC438001FFADC /* LoginViewController.swift in Sources */,
				3A180E57294CC40B001FFADC /* SceneDelegate.swift in Sources */,
			);
			runOnlyForDeploymentPostprocessing = 0;
		};
/* End PBXSourcesBuildPhase section */

/* Begin PBXVariantGroup section */
		3A180E5A294CC40B001FFADC /* Main.storyboard */ = {
			isa = PBXVariantGroup;
			children = (
				3A180E5B294CC40B001FFADC /* Base */,
			);
			name = Main.storyboard;
			sourceTree = "<group>";
		};
		3A180E62294CC40C001FFADC /* LaunchScreen.storyboard */ = {
			isa = PBXVariantGroup;
			children = (
				3A180E63294CC40C001FFADC /* Base */,
			);
			name = LaunchScreen.storyboard;
			sourceTree = "<group>";
		};
/* End PBXVariantGroup section */

/* Begin XCBuildConfiguration section */
		3A180E66294CC40C001FFADC /* Debug */ = {
			isa = XCBuildConfiguration;
			buildSettings = {
				ALWAYS_SEARCH_USER_PATHS = NO;
				CLANG_ANALYZER_NONNULL = YES;
				CLANG_ANALYZER_NUMBER_OBJECT_CONVERSION = YES_AGGRESSIVE;
				CLANG_CXX_LANGUAGE_STANDARD = "gnu++20";
				CLANG_ENABLE_MODULES = YES;
				CLANG_ENABLE_OBJC_ARC = YES;
				CLANG_ENABLE_OBJC_WEAK = YES;
				CLANG_WARN_BLOCK_CAPTURE_AUTORELEASING = YES;
				CLANG_WARN_BOOL_CONVERSION = YES;
				CLANG_WARN_COMMA = YES;
				CLANG_WARN_CONSTANT_CONVERSION = YES;
				CLANG_WARN_DEPRECATED_OBJC_IMPLEMENTATIONS = YES;
				CLANG_WARN_DIRECT_OBJC_ISA_USAGE = YES_ERROR;
				CLANG_WARN_DOCUMENTATION_COMMENTS = YES;
				CLANG_WARN_EMPTY_BODY = YES;
				CLANG_WARN_ENUM_CONVERSION = YES;
				CLANG_WARN_INFINITE_RECURSION = YES;
				CLANG_WARN_INT_CONVERSION = YES;
				CLANG_WARN_NON_LITERAL_NULL_CONVERSION = YES;
				CLANG_WARN_OBJC_IMPLICIT_RETAIN_SELF = YES;
				CLANG_WARN_OBJC_LITERAL_CONVERSION = YES;
				CLANG_WARN_OBJC_ROOT_CLASS = YES_ERROR;
				CLANG_WARN_QUOTED_INCLUDE_IN_FRAMEWORK_HEADER = YES;
				CLANG_WARN_RANGE_LOOP_ANALYSIS = YES;
				CLANG_WARN_STRICT_PROTOTYPES = YES;
				CLANG_WARN_SUSPICIOUS_MOVE = YES;
				CLANG_WARN_UNGUARDED_AVAILABILITY = YES_AGGRESSIVE;
				CLANG_WARN_UNREACHABLE_CODE = YES;
				CLANG_WARN__DUPLICATE_METHOD_MATCH = YES;
				COPY_PHASE_STRIP = NO;
				DEBUG_INFORMATION_FORMAT = dwarf;
				ENABLE_STRICT_OBJC_MSGSEND = YES;
				ENABLE_TESTABILITY = YES;
				GCC_C_LANGUAGE_STANDARD = gnu11;
				GCC_DYNAMIC_NO_PIC = NO;
				GCC_NO_COMMON_BLOCKS = YES;
				GCC_OPTIMIZATION_LEVEL = 0;
				GCC_PREPROCESSOR_DEFINITIONS = (
					"DEBUG=1",
					"$(inherited)",
				);
				GCC_WARN_64_TO_32_BIT_CONVERSION = YES;
				GCC_WARN_ABOUT_RETURN_TYPE = YES_ERROR;
				GCC_WARN_UNDECLARED_SELECTOR = YES;
				GCC_WARN_UNINITIALIZED_AUTOS = YES_AGGRESSIVE;
				GCC_WARN_UNUSED_FUNCTION = YES;
				GCC_WARN_UNUSED_VARIABLE = YES;
				IPHONEOS_DEPLOYMENT_TARGET = 16.2;
				MTL_ENABLE_DEBUG_INFO = INCLUDE_SOURCE;
				MTL_FAST_MATH = YES;
				ONLY_ACTIVE_ARCH = YES;
				SDKROOT = iphoneos;
				SWIFT_ACTIVE_COMPILATION_CONDITIONS = DEBUG;
				SWIFT_OPTIMIZATION_LEVEL = "-Onone";
			};
			name = Debug;
		};
		3A180E67294CC40C001FFADC /* Release */ = {
			isa = XCBuildConfiguration;
			buildSettings = {
				ALWAYS_SEARCH_USER_PATHS = NO;
				CLANG_ANALYZER_NONNULL = YES;
				CLANG_ANALYZER_NUMBER_OBJECT_CONVERSION = YES_AGGRESSIVE;
				CLANG_CXX_LANGUAGE_STANDARD = "gnu++20";
				CLANG_ENABLE_MODULES = YES;
				CLANG_ENABLE_OBJC_ARC = YES;
				CLANG_ENABLE_OBJC_WEAK = YES;
				CLANG_WARN_BLOCK_CAPTURE_AUTORELEASING = YES;
				CLANG_WARN_BOOL_CONVERSION = YES;
				CLANG_WARN_COMMA = YES;
				CLANG_WARN_CONSTANT_CONVERSION = YES;
				CLANG_WARN_DEPRECATED_OBJC_IMPLEMENTATIONS = YES;
				CLANG_WARN_DIRECT_OBJC_ISA_USAGE = YES_ERROR;
				CLANG_WARN_DOCUMENTATION_COMMENTS = YES;
				CLANG_WARN_EMPTY_BODY = YES;
				CLANG_WARN_ENUM_CONVERSION = YES;
				CLANG_WARN_INFINITE_RECURSION = YES;
				CLANG_WARN_INT_CONVERSION = YES;
				CLANG_WARN_NON_LITERAL_NULL_CONVERSION = YES;
				CLANG_WARN_OBJC_IMPLICIT_RETAIN_SELF = YES;
				CLANG_WARN_OBJC_LITERAL_CONVERSION = YES;
				CLANG_WARN_OBJC_ROOT_CLASS = YES_ERROR;
				CLANG_WARN_QUOTED_INCLUDE_IN_FRAMEWORK_HEADER = YES;
				CLANG_WARN_RANGE_LOOP_ANALYSIS = YES;
				CLANG_WARN_STRICT_PROTOTYPES = YES;
				CLANG_WARN_SUSPICIOUS_MOVE = YES;
				CLANG_WARN_UNGUARDED_AVAILABILITY = YES_AGGRESSIVE;
				CLANG_WARN_UNREACHABLE_CODE = YES;
				CLANG_WARN__DUPLICATE_METHOD_MATCH = YES;
				COPY_PHASE_STRIP = NO;
				DEBUG_INFORMATION_FORMAT = "dwarf-with-dsym";
				ENABLE_NS_ASSERTIONS = NO;
				ENABLE_STRICT_OBJC_MSGSEND = YES;
				GCC_C_LANGUAGE_STANDARD = gnu11;
				GCC_NO_COMMON_BLOCKS = YES;
				GCC_WARN_64_TO_32_BIT_CONVERSION = YES;
				GCC_WARN_ABOUT_RETURN_TYPE = YES_ERROR;
				GCC_WARN_UNDECLARED_SELECTOR = YES;
				GCC_WARN_UNINITIALIZED_AUTOS = YES_AGGRESSIVE;
				GCC_WARN_UNUSED_FUNCTION = YES;
				GCC_WARN_UNUSED_VARIABLE = YES;
				IPHONEOS_DEPLOYMENT_TARGET = 16.2;
				MTL_ENABLE_DEBUG_INFO = NO;
				MTL_FAST_MATH = YES;
				SDKROOT = iphoneos;
				SWIFT_COMPILATION_MODE = wholemodule;
				SWIFT_OPTIMIZATION_LEVEL = "-O";
				VALIDATE_PRODUCT = YES;
			};
			name = Release;
		};
		3A180E69294CC40C001FFADC /* Debug */ = {
			isa = XCBuildConfiguration;
			buildSettings = {
				ASSETCATALOG_COMPILER_APPICON_NAME = AppIcon;
				ASSETCATALOG_COMPILER_GLOBAL_ACCENT_COLOR_NAME = AccentColor;
				CODE_SIGN_STYLE = Automatic;
				CURRENT_PROJECT_VERSION = 1;
				DEVELOPMENT_TEAM = ZM9D9WG235;
				GENERATE_INFOPLIST_FILE = YES;
				INFOPLIST_FILE = "";
				INFOPLIST_KEY_UIApplicationSupportsIndirectInputEvents = YES;
				INFOPLIST_KEY_UILaunchStoryboardName = LaunchScreen;
				INFOPLIST_KEY_UIMainStoryboardFile = Main;
				INFOPLIST_KEY_UISupportedInterfaceOrientations_iPad = "UIInterfaceOrientationPortrait UIInterfaceOrientationPortraitUpsideDown UIInterfaceOrientationLandscapeLeft UIInterfaceOrientationLandscapeRight";
				INFOPLIST_KEY_UISupportedInterfaceOrientations_iPhone = "UIInterfaceOrientationPortrait UIInterfaceOrientationLandscapeLeft UIInterfaceOrientationLandscapeRight";
				LD_RUNPATH_SEARCH_PATHS = (
					"$(inherited)",
					"@executable_path/Frameworks",
				);
				MARKETING_VERSION = 1.0;
				PRODUCT_BUNDLE_IDENTIFIER = com.p7atama.gezzo;
				PRODUCT_NAME = "$(TARGET_NAME)";
				SWIFT_EMIT_LOC_STRINGS = YES;
				SWIFT_VERSION = 5.0;
				TARGETED_DEVICE_FAMILY = "1,2";
			};
			name = Debug;
		};
		3A180E6A294CC40C001FFADC /* Release */ = {
			isa = XCBuildConfiguration;
			buildSettings = {
				ASSETCATALOG_COMPILER_APPICON_NAME = AppIcon;
				ASSETCATALOG_COMPILER_GLOBAL_ACCENT_COLOR_NAME = AccentColor;
				CODE_SIGN_STYLE = Automatic;
				CURRENT_PROJECT_VERSION = 1;
				DEVELOPMENT_TEAM = ZM9D9WG235;
				GENERATE_INFOPLIST_FILE = YES;
				INFOPLIST_FILE = "";
				INFOPLIST_KEY_UIApplicationSupportsIndirectInputEvents = YES;
				INFOPLIST_KEY_UILaunchStoryboardName = LaunchScreen;
				INFOPLIST_KEY_UIMainStoryboardFile = Main;
				INFOPLIST_KEY_UISupportedInterfaceOrientations_iPad = "UIInterfaceOrientationPortrait UIInterfaceOrientationPortraitUpsideDown UIInterfaceOrientationLandscapeLeft UIInterfaceOrientationLandscapeRight";
				INFOPLIST_KEY_UISupportedInterfaceOrientations_iPhone = "UIInterfaceOrientationPortrait UIInterfaceOrientationLandscapeLeft UIInterfaceOrientationLandscapeRight";
				LD_RUNPATH_SEARCH_PATHS = (
					"$(inherited)",
					"@executable_path/Frameworks",
				);
				MARKETING_VERSION = 1.0;
				PRODUCT_BUNDLE_IDENTIFIER = com.p7atama.gezzo;
				PRODUCT_NAME = "$(TARGET_NAME)";
				SWIFT_EMIT_LOC_STRINGS = YES;
				SWIFT_VERSION = 5.0;
				TARGETED_DEVICE_FAMILY = "1,2";
			};
			name = Release;
		};
/* End XCBuildConfiguration section */

/* Begin XCConfigurationList section */
		3A180E4C294CC40B001FFADC /* Build configuration list for PBXProject "gezzo" */ = {
			isa = XCConfigurationList;
			buildConfigurations = (
				3A180E66294CC40C001FFADC /* Debug */,
				3A180E67294CC40C001FFADC /* Release */,
			);
			defaultConfigurationIsVisible = 0;
			defaultConfigurationName = Release;
		};
		3A180E68294CC40C001FFADC /* Build configuration list for PBXNativeTarget "gezzo" */ = {
			isa = XCConfigurationList;
			buildConfigurations = (
				3A180E69294CC40C001FFADC /* Debug */,
				3A180E6A294CC40C001FFADC /* Release */,
			);
			defaultConfigurationIsVisible = 0;
			defaultConfigurationName = Release;
		};
/* End XCConfigurationList section */

/* Begin XCVersionGroup section */
		3A180E5D294CC40B001FFADC /* PodcastsApp.xcdatamodeld */ = {
			isa = XCVersionGroup;
			children = (
				3A180E5E294CC40B001FFADC /* PodcastsApp.xcdatamodel */,
			);
			currentVersion = 3A180E5E294CC40B001FFADC /* PodcastsApp.xcdatamodel */;
			path = PodcastsApp.xcdatamodeld;
			sourceTree = "<group>";
			versionGroupType = wrapper.xcdatamodel;
		};
/* End XCVersionGroup section */
	};
	rootObject = 3A180E49294CC40B001FFADC /* Project object */;
}
